// !$*UTF8*$!
{
	archiveVersion = 1;
	classes = {
	};
	objectVersion = 46;
	objects = {

/* Begin PBXBuildFile section */
		245637CE1A4C7DDE007C0798 /* main.m in Sources */ = {isa = PBXBuildFile; fileRef = 245637CD1A4C7DDE007C0798 /* main.m */; };
		245637D61A4C7EEA007C0798 /* Pair.m in Sources */ = {isa = PBXBuildFile; fileRef = 245637D51A4C7EEA007C0798 /* Pair.m */; };
		245637D81A4C80F1007C0798 /* Quartz.framework in Frameworks */ = {isa = PBXBuildFile; fileRef = 245637D71A4C80F1007C0798 /* Quartz.framework */; };
		245637DB1A4CBD04007C0798 /* Tokenizer.m in Sources */ = {isa = PBXBuildFile; fileRef = 245637DA1A4CBD04007C0798 /* Tokenizer.m */; };
/* End PBXBuildFile section */

/* Begin PBXCopyFilesBuildPhase section */
		245637C81A4C7DDE007C0798 /* CopyFiles */ = {
			isa = PBXCopyFilesBuildPhase;
			buildActionMask = 2147483647;
			dstPath = /usr/share/man/man1/;
			dstSubfolderSpec = 0;
			files = (
			);
			runOnlyForDeploymentPostprocessing = 1;
		};
/* End PBXCopyFilesBuildPhase section */

/* Begin PBXFileReference section */
		245637CA1A4C7DDE007C0798 /* Lispify */ = {isa = PBXFileReference; explicitFileType = "compiled.mach-o.executable"; includeInIndex = 0; path = Lispify; sourceTree = BUILT_PRODUCTS_DIR; };
		245637CD1A4C7DDE007C0798 /* main.m */ = {isa = PBXFileReference; lastKnownFileType = sourcecode.c.objc; path = main.m; sourceTree = "<group>"; };
		245637D41A4C7EEA007C0798 /* Pair.h */ = {isa = PBXFileReference; fileEncoding = 4; lastKnownFileType = sourcecode.c.h; path = Pair.h; sourceTree = "<group>"; };
		245637D51A4C7EEA007C0798 /* Pair.m */ = {isa = PBXFileReference; fileEncoding = 4; lastKnownFileType = sourcecode.c.objc; path = Pair.m; sourceTree = "<group>"; };
		245637D71A4C80F1007C0798 /* Quartz.framework */ = {isa = PBXFileReference; lastKnownFileType = wrapper.framework; name = Quartz.framework; path = System/Library/Frameworks/Quartz.framework; sourceTree = SDKROOT; };
		245637D91A4CBD04007C0798 /* Tokenizer.h */ = {isa = PBXFileReference; fileEncoding = 4; lastKnownFileType = sourcecode.c.h; path = Tokenizer.h; sourceTree = "<group>"; };
		245637DA1A4CBD04007C0798 /* Tokenizer.m */ = {isa = PBXFileReference; fileEncoding = 4; lastKnownFileType = sourcecode.c.objc; path = Tokenizer.m; sourceTree = "<group>"; };
/* End PBXFileReference section */

/* Begin PBXFrameworksBuildPhase section */
		245637C71A4C7DDE007C0798 /* Frameworks */ = {
			isa = PBXFrameworksBuildPhase;
			buildActionMask = 2147483647;
			files = (
				245637D81A4C80F1007C0798 /* Quartz.framework in Frameworks */,
			);
			runOnlyForDeploymentPostprocessing = 0;
		};
/* End PBXFrameworksBuildPhase section */

/* Begin PBXGroup section */
		245637C11A4C7DDE007C0798 = {
			isa = PBXGroup;
			children = (
				245637D71A4C80F1007C0798 /* Quartz.framework */,
				245637CC1A4C7DDE007C0798 /* Lispify */,
				245637CB1A4C7DDE007C0798 /* Products */,
			);
			sourceTree = "<group>";
		};
		245637CB1A4C7DDE007C0798 /* Products */ = {
			isa = PBXGroup;
			children = (
				245637CA1A4C7DDE007C0798 /* Lispify */,
			);
			name = Products;
			sourceTree = "<group>";
		};
		245637CC1A4C7DDE007C0798 /* Lispify */ = {
			isa = PBXGroup;
			children = (
				245637D41A4C7EEA007C0798 /* Pair.h */,
				245637D51A4C7EEA007C0798 /* Pair.m */,
				245637CD1A4C7DDE007C0798 /* main.m */,
				245637D91A4CBD04007C0798 /* Tokenizer.h */,
				245637DA1A4CBD04007C0798 /* Tokenizer.m */,
			);
			path = Lispify;
			sourceTree = "<group>";
		};
/* End PBXGroup section */

/* Begin PBXNativeTarget section */
		245637C91A4C7DDE007C0798 /* Lispify */ = {
			isa = PBXNativeTarget;
			buildConfigurationList = 245637D11A4C7DDE007C0798 /* Build configuration list for PBXNativeTarget "Lispify" */;
			buildPhases = (
				245637C61A4C7DDE007C0798 /* Sources */,
				245637C71A4C7DDE007C0798 /* Frameworks */,
				245637C81A4C7DDE007C0798 /* CopyFiles */,
			);
			buildRules = (
			);
			dependencies = (
			);
			name = Lispify;
			productName = Lispify;
			productReference = 245637CA1A4C7DDE007C0798 /* Lispify */;
			productType = "com.apple.product-type.tool";
		};
/* End PBXNativeTarget section */

/* Begin PBXProject section */
		245637C21A4C7DDE007C0798 /* Project object */ = {
			isa = PBXProject;
			attributes = {
				LastUpgradeCheck = 0610;
				ORGANIZATIONNAME = "Timm Knape Softwaretechnik";
				TargetAttributes = {
					245637C91A4C7DDE007C0798 = {
						CreatedOnToolsVersion = 6.1.1;
					};
				};
			};
			buildConfigurationList = 245637C51A4C7DDE007C0798 /* Build configuration list for PBXProject "Lispify" */;
			compatibilityVersion = "Xcode 3.2";
			developmentRegion = English;
			hasScannedForEncodings = 0;
			knownRegions = (
				en,
			);
			mainGroup = 245637C11A4C7DDE007C0798;
			productRefGroup = 245637CB1A4C7DDE007C0798 /* Products */;
			projectDirPath = "";
			projectRoot = "";
			targets = (
				245637C91A4C7DDE007C0798 /* Lispify */,
			);
		};
/* End PBXProject section */

/* Begin PBXSourcesBuildPhase section */
		245637C61A4C7DDE007C0798 /* Sources */ = {
			isa = PBXSourcesBuildPhase;
			buildActionMask = 2147483647;
			files = (
				245637DB1A4CBD04007C0798 /* Tokenizer.m in Sources */,
				245637CE1A4C7DDE007C0798 /* main.m in Sources */,
				245637D61A4C7EEA007C0798 /* Pair.m in Sources */,
			);
			runOnlyForDeploymentPostprocessing = 0;
		};
/* End PBXSourcesBuildPhase section */

/* Begin XCBuildConfiguration section */
		245637CF1A4C7DDE007C0798 /* Debug */ = {
			isa = XCBuildConfiguration;
			buildSettings = {
				ALWAYS_SEARCH_USER_PATHS = NO;
				CLANG_CXX_LANGUAGE_STANDARD = "gnu++0x";
				CLANG_CXX_LIBRARY = "libc++";
				CLANG_ENABLE_MODULES = YES;
				CLANG_ENABLE_OBJC_ARC = YES;
				CLANG_WARN_BOOL_CONVERSION = YES;
				CLANG_WARN_CONSTANT_CONVERSION = YES;
				CLANG_WARN_DIRECT_OBJC_ISA_USAGE = YES_ERROR;
				CLANG_WARN_EMPTY_BODY = YES;
				CLANG_WARN_ENUM_CONVERSION = YES;
				CLANG_WARN_INT_CONVERSION = YES;
				CLANG_WARN_OBJC_ROOT_CLASS = YES_ERROR;
				CLANG_WARN_UNREACHABLE_CODE = YES;
				CLANG_WARN__DUPLICATE_METHOD_MATCH = YES;
				COPY_PHASE_STRIP = NO;
				ENABLE_STRICT_OBJC_MSGSEND = YES;
				GCC_C_LANGUAGE_STANDARD = gnu99;
				GCC_DYNAMIC_NO_PIC = NO;
				GCC_OPTIMIZATION_LEVEL = 0;
				GCC_PREPROCESSOR_DEFINITIONS = (
					"DEBUG=1",
					"$(inherited)",
				);
				GCC_SYMBOLS_PRIVATE_EXTERN = NO;
				GCC_WARN_64_TO_32_BIT_CONVERSION = YES;
				GCC_WARN_ABOUT_RETURN_TYPE = YES_ERROR;
				GCC_WARN_UNDECLARED_SELECTOR = YES;
				GCC_WARN_UNINITIALIZED_AUTOS = YES_AGGRESSIVE;
				GCC_WARN_UNUSED_FUNCTION = YES;
				GCC_WARN_UNUSED_VARIABLE = YES;
				MACOSX_DEPLOYMENT_TARGET = 10.10;
				MTL_ENABLE_DEBUG_INFO = YES;
				ONLY_ACTIVE_ARCH = YES;
				SDKROOT = macosx;
			};
			name = Debug;
		};
		245637D01A4C7DDE007C0798 /* Release */ = {
			isa = XCBuildConfiguration;
			buildSettings = {
				ALWAYS_SEARCH_USER_PATHS = NO;
				CLANG_CXX_LANGUAGE_STANDARD = "gnu++0x";
				CLANG_CXX_LIBRARY = "libc++";
				CLANG_ENABLE_MODULES = YES;
				CLANG_ENABLE_OBJC_ARC = YES;
				CLANG_WARN_BOOL_CONVERSION = YES;
				CLANG_WARN_CONSTANT_CONVERSION = YES;
				CLANG_WARN_DIRECT_OBJC_ISA_USAGE = YES_ERROR;
				CLANG_WARN_EMPTY_BODY = YES;
				CLANG_WARN_ENUM_CONVERSION = YES;
				CLANG_WARN_INT_CONVERSION = YES;
				CLANG_WARN_OBJC_ROOT_CLASS = YES_ERROR;
				CLANG_WARN_UNREACHABLE_CODE = YES;
				CLANG_WARN__DUPLICATE_METHOD_MATCH = YES;
				COPY_PHASE_STRIP = YES;
				DEBUG_INFORMATION_FORMAT = "dwarf-with-dsym";
				ENABLE_NS_ASSERTIONS = NO;
				ENABLE_STRICT_OBJC_MSGSEND = YES;
				GCC_C_LANGUAGE_STANDARD = gnu99;
				GCC_WARN_64_TO_32_BIT_CONVERSION = YES;
				GCC_WARN_ABOUT_RETURN_TYPE = YES_ERROR;
				GCC_WARN_UNDECLARED_SELECTOR = YES;
				GCC_WARN_UNINITIALIZED_AUTOS = YES_AGGRESSIVE;
				GCC_WARN_UNUSED_FUNCTION = YES;
				GCC_WARN_UNUSED_VARIABLE = YES;
				MACOSX_DEPLOYMENT_TARGET = 10.10;
				MTL_ENABLE_DEBUG_INFO = NO;
				SDKROOT = macosx;
			};
			name = Release;
		};
		245637D21A4C7DDE007C0798 /* Debug */ = {
			isa = XCBuildConfiguration;
			buildSettings = {
				PRODUCT_NAME = "$(TARGET_NAME)";
			};
			name = Debug;
		};
		245637D31A4C7DDE007C0798 /* Release */ = {
			isa = XCBuildConfiguration;
			buildSettings = {
				PRODUCT_NAME = "$(TARGET_NAME)";
			};
			name = Release;
		};
/* End XCBuildConfiguration section */

/* Begin XCConfigurationList section */
		245637C51A4C7DDE007C0798 /* Build configuration list for PBXProject "Lispify" */ = {
			isa = XCConfigurationList;
			buildConfigurations = (
				245637CF1A4C7DDE007C0798 /* Debug */,
				245637D01A4C7DDE007C0798 /* Release */,
			);
			defaultConfigurationIsVisible = 0;
			defaultConfigurationName = Release;
		};
		245637D11A4C7DDE007C0798 /* Build configuration list for PBXNativeTarget "Lispify" */ = {
			isa = XCConfigurationList;
			buildConfigurations = (
				245637D21A4C7DDE007C0798 /* Debug */,
				245637D31A4C7DDE007C0798 /* Release */,
			);
			defaultConfigurationIsVisible = 0;
		};
/* End XCConfigurationList section */
	};
	rootObject = 245637C21A4C7DDE007C0798 /* Project object */;
}
